// !$*UTF8*$!
{
	archiveVersion = 1;
	classes = {
	};
	objectVersion = 54;
	objects = {

/* Begin PBXBuildFile section */
		6CE6D4588F29793B76086C6E /* Theme.swift in Sources */ = {isa = PBXBuildFile; fileRef = 86D47AE7E4DE30B1EE5108B9 /* Theme.swift */; };
		703C9E981BA09C6A470B075B /* LifeListView.swift in Sources */ = {isa = PBXBuildFile; fileRef = 2F48E75910120C4C344904DC /* LifeListView.swift */; };
		8677FE392DEA8ACCEF694AF6 /* LifeListViewModel.swift in Sources */ = {isa = PBXBuildFile; fileRef = C445FAF5811029C8A1ADEC88 /* LifeListViewModel.swift */; };
		9401E7621AC83BA0362816F6 /* MapView.swift in Sources */ = {isa = PBXBuildFile; fileRef = 37459844EE71B16A48A6D0E3 /* MapView.swift */; };
		9B0C11DE149BF40020DB66DC /* main.swift in Sources */ = {isa = PBXBuildFile; fileRef = D44D29FA2A1C50C98651EBEA /* main.swift */; };
		AC38851803DD844B421CEEAD /* BirdSightingsView.swift in Sources */ = {isa = PBXBuildFile; fileRef = BF0206082DDD019864FFC791 /* BirdSightingsView.swift */; };
		B78B609B444BD73A0E4174DE /* MenuBarView.swift in Sources */ = {isa = PBXBuildFile; fileRef = AA21472ED22D1C13AFCE95BB /* MenuBarView.swift */; };
		BBACF716EF374316ECE1C0AD /* AppDelegate.swift in Sources */ = {isa = PBXBuildFile; fileRef = B730478B8C6E794D8C15D839 /* AppDelegate.swift */; };
		C5C4A7CDF4B14081B612B2DB /* SpeciesDetailView.swift in Sources */ = {isa = PBXBuildFile; fileRef = 9279DD6AFEE0165AF54DF64B /* SpeciesDetailView.swift */; };
		D83569871CC3E9CA4142D1C4 /* SightingsViewModel.swift in Sources */ = {isa = PBXBuildFile; fileRef = 70E6A639A4A9D65490009622 /* SightingsViewModel.swift */; };
		F37EDECD429EB619EBEEABF5 /* SpeciesDataService.swift in Sources */ = {isa = PBXBuildFile; fileRef = 9692B797821FC9484E39161C /* SpeciesDataService.swift */; };
		F5DE5004CC677112CDDACDC5 /* Models.swift in Sources */ = {isa = PBXBuildFile; fileRef = 316B20BBE69AA5320BD256B8 /* Models.swift */; };
		F65DE9CD08EE16730E98D5FA /* PopoverContentView.swift in Sources */ = {isa = PBXBuildFile; fileRef = 39BE7F20C8F91EE8C421BCE6 /* PopoverContentView.swift */; };
/* End PBXBuildFile section */

/* Begin PBXFileReference section */
		1230F8E000514A5CF7031D09 /* Info.plist */ = {isa = PBXFileReference; lastKnownFileType = text.plist; path = Info.plist; sourceTree = "<group>"; };
		29EA1E7E94E7F5779DD3A4C4 /* PerchMac.app */ = {isa = PBXFileReference; explicitFileType = wrapper.application; includeInIndex = 0; path = PerchMac.app; sourceTree = BUILT_PRODUCTS_DIR; };
		2F48E75910120C4C344904DC /* LifeListView.swift */ = {isa = PBXFileReference; lastKnownFileType = sourcecode.swift; path = LifeListView.swift; sourceTree = "<group>"; };
		316B20BBE69AA5320BD256B8 /* Models.swift */ = {isa = PBXFileReference; lastKnownFileType = sourcecode.swift; path = Models.swift; sourceTree = "<group>"; };
		37459844EE71B16A48A6D0E3 /* MapView.swift */ = {isa = PBXFileReference; lastKnownFileType = sourcecode.swift; path = MapView.swift; sourceTree = "<group>"; };
		39BE7F20C8F91EE8C421BCE6 /* PopoverContentView.swift */ = {isa = PBXFileReference; lastKnownFileType = sourcecode.swift; path = PopoverContentView.swift; sourceTree = "<group>"; };
		70E6A639A4A9D65490009622 /* SightingsViewModel.swift */ = {isa = PBXFileReference; lastKnownFileType = sourcecode.swift; path = SightingsViewModel.swift; sourceTree = "<group>"; };
		86D47AE7E4DE30B1EE5108B9 /* Theme.swift */ = {isa = PBXFileReference; lastKnownFileType = sourcecode.swift; path = Theme.swift; sourceTree = "<group>"; };
		9279DD6AFEE0165AF54DF64B /* SpeciesDetailView.swift */ = {isa = PBXFileReference; lastKnownFileType = sourcecode.swift; path = SpeciesDetailView.swift; sourceTree = "<group>"; };
		9692B797821FC9484E39161C /* SpeciesDataService.swift */ = {isa = PBXFileReference; lastKnownFileType = sourcecode.swift; path = SpeciesDataService.swift; sourceTree = "<group>"; };
		AA21472ED22D1C13AFCE95BB /* MenuBarView.swift */ = {isa = PBXFileReference; lastKnownFileType = sourcecode.swift; path = MenuBarView.swift; sourceTree = "<group>"; };
		B730478B8C6E794D8C15D839 /* AppDelegate.swift */ = {isa = PBXFileReference; lastKnownFileType = sourcecode.swift; path = AppDelegate.swift; sourceTree = "<group>"; };
		BF0206082DDD019864FFC791 /* BirdSightingsView.swift */ = {isa = PBXFileReference; lastKnownFileType = sourcecode.swift; path = BirdSightingsView.swift; sourceTree = "<group>"; };
		C445FAF5811029C8A1ADEC88 /* LifeListViewModel.swift */ = {isa = PBXFileReference; lastKnownFileType = sourcecode.swift; path = LifeListViewModel.swift; sourceTree = "<group>"; };
		D44D29FA2A1C50C98651EBEA /* main.swift */ = {isa = PBXFileReference; lastKnownFileType = sourcecode.swift; path = main.swift; sourceTree = "<group>"; };
/* End PBXFileReference section */

/* Begin PBXGroup section */
		4FC4AA4C34AD5247AE737856 = {
			isa = PBXGroup;
			children = (
				7CF0EAF7AE78064C4D2AC881 /* PerchMac */,
				D61AEF1F8D5CB8ED707AE3F9 /* Products */,
			);
			sourceTree = "<group>";
		};
		7CF0EAF7AE78064C4D2AC881 /* PerchMac */ = {
			isa = PBXGroup;
			children = (
				B730478B8C6E794D8C15D839 /* AppDelegate.swift */,
				BF0206082DDD019864FFC791 /* BirdSightingsView.swift */,
				1230F8E000514A5CF7031D09 /* Info.plist */,
				2F48E75910120C4C344904DC /* LifeListView.swift */,
				C445FAF5811029C8A1ADEC88 /* LifeListViewModel.swift */,
				D44D29FA2A1C50C98651EBEA /* main.swift */,
				37459844EE71B16A48A6D0E3 /* MapView.swift */,
				AA21472ED22D1C13AFCE95BB /* MenuBarView.swift */,
				316B20BBE69AA5320BD256B8 /* Models.swift */,
				39BE7F20C8F91EE8C421BCE6 /* PopoverContentView.swift */,
				70E6A639A4A9D65490009622 /* SightingsViewModel.swift */,
				9692B797821FC9484E39161C /* SpeciesDataService.swift */,
				9279DD6AFEE0165AF54DF64B /* SpeciesDetailView.swift */,
				86D47AE7E4DE30B1EE5108B9 /* Theme.swift */,
			);
			path = PerchMac;
			sourceTree = "<group>";
		};
		D61AEF1F8D5CB8ED707AE3F9 /* Products */ = {
			isa = PBXGroup;
			children = (
				29EA1E7E94E7F5779DD3A4C4 /* PerchMac.app */,
			);
			name = Products;
			sourceTree = "<group>";
		};
/* End PBXGroup section */

/* Begin PBXNativeTarget section */
		F00BCFDB22F96FD7D2F75549 /* PerchMac */ = {
			isa = PBXNativeTarget;
			buildConfigurationList = 241592185D8941F089B1FD72 /* Build configuration list for PBXNativeTarget "PerchMac" */;
			buildPhases = (
				388DE3CDC8FBA106BAD98A13 /* Sources */,
			);
			buildRules = (
			);
			dependencies = (
			);
			name = PerchMac;
			productName = PerchMac;
			productReference = 29EA1E7E94E7F5779DD3A4C4 /* PerchMac.app */;
			productType = "com.apple.product-type.application";
		};
/* End PBXNativeTarget section */

/* Begin PBXProject section */
		798B642DA209831038F34449 /* Project object */ = {
			isa = PBXProject;
			attributes = {
				BuildIndependentTargetsInParallel = YES;
				LastUpgradeCheck = 1430;
				TargetAttributes = {
					F00BCFDB22F96FD7D2F75549 = {
						ProvisioningStyle = Manual;
					};
				};
			};
			buildConfigurationList = EC21F0FF6A7D59F394295CB0 /* Build configuration list for PBXProject "PerchMac" */;
			compatibilityVersion = "Xcode 14.0";
			developmentRegion = en;
			hasScannedForEncodings = 0;
			knownRegions = (
				Base,
				en,
			);
			mainGroup = 4FC4AA4C34AD5247AE737856;
			projectDirPath = "";
			projectRoot = "";
			targets = (
				F00BCFDB22F96FD7D2F75549 /* PerchMac */,
			);
		};
/* End PBXProject section */

/* Begin PBXSourcesBuildPhase section */
		388DE3CDC8FBA106BAD98A13 /* Sources */ = {
			isa = PBXSourcesBuildPhase;
			buildActionMask = 2147483647;
			files = (
				BBACF716EF374316ECE1C0AD /* AppDelegate.swift in Sources */,
				AC38851803DD844B421CEEAD /* BirdSightingsView.swift in Sources */,
				703C9E981BA09C6A470B075B /* LifeListView.swift in Sources */,
				8677FE392DEA8ACCEF694AF6 /* LifeListViewModel.swift in Sources */,
				9401E7621AC83BA0362816F6 /* MapView.swift in Sources */,
				B78B609B444BD73A0E4174DE /* MenuBarView.swift in Sources */,
				F5DE5004CC677112CDDACDC5 /* Models.swift in Sources */,
				F65DE9CD08EE16730E98D5FA /* PopoverContentView.swift in Sources */,
				D83569871CC3E9CA4142D1C4 /* SightingsViewModel.swift in Sources */,
				F37EDECD429EB619EBEEABF5 /* SpeciesDataService.swift in Sources */,
				C5C4A7CDF4B14081B612B2DB /* SpeciesDetailView.swift in Sources */,
				6CE6D4588F29793B76086C6E /* Theme.swift in Sources */,
				9B0C11DE149BF40020DB66DC /* main.swift in Sources */,
			);
			runOnlyForDeploymentPostprocessing = 0;
		};
/* End PBXSourcesBuildPhase section */

/* Begin XCBuildConfiguration section */
		08F3FEE4CE4C8F5FE9F35737 /* Release */ = {
			isa = XCBuildConfiguration;
			buildSettings = {
				ASSETCATALOG_COMPILER_APPICON_NAME = AppIcon;
				CODE_SIGN_IDENTITY = "-";
				CODE_SIGN_STYLE = Manual;
				COMBINE_HIDPI_IMAGES = YES;
				ENABLE_HARDENED_RUNTIME = YES;
				INFOPLIST_FILE = PerchMac/Info.plist;
				LD_RUNPATH_SEARCH_PATHS = (
					"$(inherited)",
					"@executable_path/../Frameworks",
				);
				MACOSX_DEPLOYMENT_TARGET = 15.0;
				PRODUCT_BUNDLE_IDENTIFIER = com.tommaso.perch.mac;
				PRODUCT_NAME = Perch;
				SDKROOT = macosx;
				SWIFT_VERSION = 6.0;
			};
			name = Release;
		};
		74B775231F24AA53B9D0FCC2 /* Release */ = {
			isa = XCBuildConfiguration;
			buildSettings = {
				ALWAYS_SEARCH_USER_PATHS = NO;
				CLANG_ANALYZER_NONNULL = YES;
				CLANG_ANALYZER_NUMBER_OBJECT_CONVERSION = YES_AGGRESSIVE;
				CLANG_CXX_LANGUAGE_STANDARD = "gnu++14";
				CLANG_CXX_LIBRARY = "libc++";
				CLANG_ENABLE_MODULES = YES;
				CLANG_ENABLE_OBJC_ARC = YES;
				CLANG_ENABLE_OBJC_WEAK = YES;
				CLANG_WARN_BLOCK_CAPTURE_AUTORELEASING = YES;
				CLANG_WARN_BOOL_CONVERSION = YES;
				CLANG_WARN_COMMA = YES;
				CLANG_WARN_CONSTANT_CONVERSION = YES;
				CLANG_WARN_DEPRECATED_OBJC_IMPLEMENTATIONS = YES;
				CLANG_WARN_DIRECT_OBJC_ISA_USAGE = YES_ERROR;
				CLANG_WARN_DOCUMENTATION_COMMENTS = YES;
				CLANG_WARN_EMPTY_BODY = YES;
				CLANG_WARN_ENUM_CONVERSION = YES;
				CLANG_WARN_INFINITE_RECURSION = YES;
				CLANG_WARN_INT_CONVERSION = YES;
				CLANG_WARN_NON_LITERAL_NULL_CONVERSION = YES;
				CLANG_WARN_OBJC_IMPLICIT_RETAIN_SELF = YES;
				CLANG_WARN_OBJC_LITERAL_CONVERSION = YES;
				CLANG_WARN_OBJC_ROOT_CLASS = YES_ERROR;
				CLANG_WARN_QUOTED_INCLUDE_IN_FRAMEWORK_HEADER = YES;
				CLANG_WARN_RANGE_LOOP_ANALYSIS = YES;
				CLANG_WARN_STRICT_PROTOTYPES = YES;
				CLANG_WARN_SUSPICIOUS_MOVE = YES;
				CLANG_WARN_UNGUARDED_AVAILABILITY = YES_AGGRESSIVE;
				CLANG_WARN_UNREACHABLE_CODE = YES;
				CLANG_WARN__DUPLICATE_METHOD_MATCH = YES;
				COPY_PHASE_STRIP = NO;
				DEBUG_INFORMATION_FORMAT = "dwarf-with-dsym";
				ENABLE_NS_ASSERTIONS = NO;
				ENABLE_STRICT_OBJC_MSGSEND = YES;
				GCC_C_LANGUAGE_STANDARD = gnu11;
				GCC_NO_COMMON_BLOCKS = YES;
				GCC_WARN_64_TO_32_BIT_CONVERSION = YES;
				GCC_WARN_ABOUT_RETURN_TYPE = YES_ERROR;
				GCC_WARN_UNDECLARED_SELECTOR = YES;
				GCC_WARN_UNINITIALIZED_AUTOS = YES_AGGRESSIVE;
				GCC_WARN_UNUSED_FUNCTION = YES;
				GCC_WARN_UNUSED_VARIABLE = YES;
				MACOSX_DEPLOYMENT_TARGET = 15.0;
				MTL_ENABLE_DEBUG_INFO = NO;
				MTL_FAST_MATH = YES;
				PRODUCT_NAME = "$(TARGET_NAME)";
				SDKROOT = macosx;
				SWIFT_COMPILATION_MODE = wholemodule;
				SWIFT_OPTIMIZATION_LEVEL = "-O";
				SWIFT_VERSION = 5.0;
			};
			name = Release;
		};
		89DC8B46DAD8CB53CB239032 /* Debug */ = {
			isa = XCBuildConfiguration;
			buildSettings = {
				ALWAYS_SEARCH_USER_PATHS = NO;
				CLANG_ANALYZER_NONNULL = YES;
				CLANG_ANALYZER_NUMBER_OBJECT_CONVERSION = YES_AGGRESSIVE;
				CLANG_CXX_LANGUAGE_STANDARD = "gnu++14";
				CLANG_CXX_LIBRARY = "libc++";
				CLANG_ENABLE_MODULES = YES;
				CLANG_ENABLE_OBJC_ARC = YES;
				CLANG_ENABLE_OBJC_WEAK = YES;
				CLANG_WARN_BLOCK_CAPTURE_AUTORELEASING = YES;
				CLANG_WARN_BOOL_CONVERSION = YES;
				CLANG_WARN_COMMA = YES;
				CLANG_WARN_CONSTANT_CONVERSION = YES;
				CLANG_WARN_DEPRECATED_OBJC_IMPLEMENTATIONS = YES;
				CLANG_WARN_DIRECT_OBJC_ISA_USAGE = YES_ERROR;
				CLANG_WARN_DOCUMENTATION_COMMENTS = YES;
				CLANG_WARN_EMPTY_BODY = YES;
				CLANG_WARN_ENUM_CONVERSION = YES;
				CLANG_WARN_INFINITE_RECURSION = YES;
				CLANG_WARN_INT_CONVERSION = YES;
				CLANG_WARN_NON_LITERAL_NULL_CONVERSION = YES;
				CLANG_WARN_OBJC_IMPLICIT_RETAIN_SELF = YES;
				CLANG_WARN_OBJC_LITERAL_CONVERSION = YES;
				CLANG_WARN_OBJC_ROOT_CLASS = YES_ERROR;
				CLANG_WARN_QUOTED_INCLUDE_IN_FRAMEWORK_HEADER = YES;
				CLANG_WARN_RANGE_LOOP_ANALYSIS = YES;
				CLANG_WARN_STRICT_PROTOTYPES = YES;
				CLANG_WARN_SUSPICIOUS_MOVE = YES;
				CLANG_WARN_UNGUARDED_AVAILABILITY = YES_AGGRESSIVE;
				CLANG_WARN_UNREACHABLE_CODE = YES;
				CLANG_WARN__DUPLICATE_METHOD_MATCH = YES;
				COPY_PHASE_STRIP = NO;
				DEBUG_INFORMATION_FORMAT = dwarf;
				ENABLE_STRICT_OBJC_MSGSEND = YES;
				ENABLE_TESTABILITY = YES;
				GCC_C_LANGUAGE_STANDARD = gnu11;
				GCC_DYNAMIC_NO_PIC = NO;
				GCC_NO_COMMON_BLOCKS = YES;
				GCC_OPTIMIZATION_LEVEL = 0;
				GCC_PREPROCESSOR_DEFINITIONS = (
					"$(inherited)",
					"DEBUG=1",
				);
				GCC_WARN_64_TO_32_BIT_CONVERSION = YES;
				GCC_WARN_ABOUT_RETURN_TYPE = YES_ERROR;
				GCC_WARN_UNDECLARED_SELECTOR = YES;
				GCC_WARN_UNINITIALIZED_AUTOS = YES_AGGRESSIVE;
				GCC_WARN_UNUSED_FUNCTION = YES;
				GCC_WARN_UNUSED_VARIABLE = YES;
				MACOSX_DEPLOYMENT_TARGET = 15.0;
				MTL_ENABLE_DEBUG_INFO = INCLUDE_SOURCE;
				MTL_FAST_MATH = YES;
				ONLY_ACTIVE_ARCH = YES;
				PRODUCT_NAME = "$(TARGET_NAME)";
				SDKROOT = macosx;
				SWIFT_ACTIVE_COMPILATION_CONDITIONS = DEBUG;
				SWIFT_OPTIMIZATION_LEVEL = "-Onone";
				SWIFT_VERSION = 5.0;
			};
			name = Debug;
		};
		B74B91C83E68E222399BDC18 /* Debug */ = {
			isa = XCBuildConfiguration;
			buildSettings = {
				ASSETCATALOG_COMPILER_APPICON_NAME = AppIcon;
				CODE_SIGN_IDENTITY = "-";
				CODE_SIGN_STYLE = Manual;
				COMBINE_HIDPI_IMAGES = YES;
				ENABLE_HARDENED_RUNTIME = YES;
				INFOPLIST_FILE = PerchMac/Info.plist;
				LD_RUNPATH_SEARCH_PATHS = (
					"$(inherited)",
					"@executable_path/../Frameworks",
				);
				MACOSX_DEPLOYMENT_TARGET = 15.0;
				PRODUCT_BUNDLE_IDENTIFIER = com.tommaso.perch.mac;
				PRODUCT_NAME = Perch;
				SDKROOT = macosx;
				SWIFT_VERSION = 6.0;
			};
			name = Debug;
		};
/* End XCBuildConfiguration section */

/* Begin XCConfigurationList section */
		241592185D8941F089B1FD72 /* Build configuration list for PBXNativeTarget "PerchMac" */ = {
			isa = XCConfigurationList;
			buildConfigurations = (
				B74B91C83E68E222399BDC18 /* Debug */,
				08F3FEE4CE4C8F5FE9F35737 /* Release */,
			);
			defaultConfigurationIsVisible = 0;
			defaultConfigurationName = Debug;
		};
		EC21F0FF6A7D59F394295CB0 /* Build configuration list for PBXProject "PerchMac" */ = {
			isa = XCConfigurationList;
			buildConfigurations = (
				89DC8B46DAD8CB53CB239032 /* Debug */,
				74B775231F24AA53B9D0FCC2 /* Release */,
			);
			defaultConfigurationIsVisible = 0;
			defaultConfigurationName = Debug;
		};
/* End XCConfigurationList section */
	};
	rootObject = 798B642DA209831038F34449 /* Project object */;
}
